{
	"name": "samurai-core",
	"version": "0.0.0",
	"lockfileVersion": 1,
	"requires": true,
	"dependencies": {
		"typescript": {
			"version": "3.9.7",
			"resolved": "http://registry.npmp.dz11.com/typescript/download/typescript-3.9.7.tgz",
			"integrity": "sha1-mNYApevcOPQMsndSLxLcgA6eJfo="
		}
	}
}
